
Microsoft Visual Studio Solution File, Format Version 12.00
# Visual Studio 14
VisualStudioVersion = 14.0.25420.1
MinimumVisualStudioVersion = 10.0.40219.1
Project("{FAE04EC0-301F-11D3-BF4B-00C04F79EFBC}") = "WebApi", "WebApi\WebApi.csproj", "{F511E680-05AD-4A2B-94E9-BB3FF382D1B8}"
EndProject
Project("{FAE04EC0-301F-11D3-BF4B-00C04F79EFBC}") = "WebApplication1", "WebApplication1\WebApplication1.csproj", "{C2D04A9D-7A96-407F-A14F-EEEC351B86D3}"
EndProject
Global
	GlobalSection(SolutionConfigurationPlatforms) = preSolution
		Debug|Any CPU = Debug|Any CPU
		Release|Any CPU = Release|Any CPU
	EndGlobalSection
	GlobalSection(ProjectConfigurationPlatforms) = postSolution
		{F511E680-05AD-4A2B-94E9-BB3FF382D1B8}.Debug|Any CPU.ActiveCfg = Debug|Any CPU
		{F511E680-05AD-4A2B-94E9-BB3FF382D1B8}.Debug|Any CPU.Build.0 = Debug|Any CPU
		{F511E680-05AD-4A2B-94E9-BB3FF382D1B8}.Release|Any CPU.ActiveCfg = Release|Any CPU
		{F511E680-05AD-4A2B-94E9-BB3FF382D1B8}.Release|Any CPU.Build.0 = Release|Any CPU
		{C2D04A9D-7A96-407F-A14F-EEEC351B86D3}.Debug|Any CPU.ActiveCfg = Debug|Any CPU
		{C2D04A9D-7A96-407F-A14F-EEEC351B86D3}.Debug|Any CPU.Build.0 = Debug|Any CPU
		{C2D04A9D-7A96-407F-A14F-EEEC351B86D3}.Release|Any CPU.ActiveCfg = Release|Any CPU
		{C2D04A9D-7A96-407F-A14F-EEEC351B86D3}.Release|Any CPU.Build.0 = Release|Any CPU
	EndGlobalSection
	GlobalSection(SolutionProperties) = preSolution
		HideSolutionNode = FALSE
	EndGlobalSection
EndGlobal
